// !$*UTF8*$!
{
	archiveVersion = 1;
	classes = {
	};
	objectVersion = 46;
	objects = {

/* Begin PBXBuildFile section */
		A8CABBBB1CB3292F00EA1130 /* main.m in Sources */ = {isa = PBXBuildFile; fileRef = A8CABBBA1CB3292F00EA1130 /* main.m */; };
		A8CABBBE1CB3292F00EA1130 /* AppDelegate.m in Sources */ = {isa = PBXBuildFile; fileRef = A8CABBBD1CB3292F00EA1130 /* AppDelegate.m */; };
		A8CABBC11CB3292F00EA1130 /* ViewController.m in Sources */ = {isa = PBXBuildFile; fileRef = A8CABBC01CB3292F00EA1130 /* ViewController.m */; };
		A8CABBC41CB3292F00EA1130 /* Main.storyboard in Resources */ = {isa = PBXBuildFile; fileRef = A8CABBC21CB3292F00EA1130 /* Main.storyboard */; };
		A8CABBC61CB3292F00EA1130 /* Assets.xcassets in Resources */ = {isa = PBXBuildFile; fileRef = A8CABBC51CB3292F00EA1130 /* Assets.xcassets */; };
		A8CABBC91CB3292F00EA1130 /* LaunchScreen.storyboard in Resources */ = {isa = PBXBuildFile; fileRef = A8CABBC71CB3292F00EA1130 /* LaunchScreen.storyboard */; };
		A8CABBD41CB3292F00EA1130 /* CameraProxyTests.m in Sources */ = {isa = PBXBuildFile; fileRef = A8CABBD31CB3292F00EA1130 /* CameraProxyTests.m */; };
		A8CABBDF1CB3292F00EA1130 /* CameraProxyUITests.m in Sources */ = {isa = PBXBuildFile; fileRef = A8CABBDE1CB3292F00EA1130 /* CameraProxyUITests.m */; };
/* End PBXBuildFile section */

/* Begin PBXContainerItemProxy section */
		A8CABBD01CB3292F00EA1130 /* PBXContainerItemProxy */ = {
			isa = PBXContainerItemProxy;
			containerPortal = A8CABBAE1CB3292E00EA1130 /* Project object */;
			proxyType = 1;
			remoteGlobalIDString = A8CABBB51CB3292E00EA1130;
			remoteInfo = CameraProxy;
		};
		A8CABBDB1CB3292F00EA1130 /* PBXContainerItemProxy */ = {
			isa = PBXContainerItemProxy;
			containerPortal = A8CABBAE1CB3292E00EA1130 /* Project object */;
			proxyType = 1;
			remoteGlobalIDString = A8CABBB51CB3292E00EA1130;
			remoteInfo = CameraProxy;
		};
/* End PBXContainerItemProxy section */

/* Begin PBXFileReference section */
		A8CABBB61CB3292E00EA1130 /* CameraProxy.app */ = {isa = PBXFileReference; explicitFileType = wrapper.application; includeInIndex = 0; path = CameraProxy.app; sourceTree = BUILT_PRODUCTS_DIR; };
		A8CABBBA1CB3292F00EA1130 /* main.m */ = {isa = PBXFileReference; lastKnownFileType = sourcecode.c.objc; path = main.m; sourceTree = "<group>"; };
		A8CABBBC1CB3292F00EA1130 /* AppDelegate.h */ = {isa = PBXFileReference; lastKnownFileType = sourcecode.c.h; path = AppDelegate.h; sourceTree = "<group>"; };
		A8CABBBD1CB3292F00EA1130 /* AppDelegate.m */ = {isa = PBXFileReference; lastKnownFileType = sourcecode.c.objc; path = AppDelegate.m; sourceTree = "<group>"; };
		A8CABBBF1CB3292F00EA1130 /* ViewController.h */ = {isa = PBXFileReference; lastKnownFileType = sourcecode.c.h; path = ViewController.h; sourceTree = "<group>"; };
		A8CABBC01CB3292F00EA1130 /* ViewController.m */ = {isa = PBXFileReference; lastKnownFileType = sourcecode.c.objc; path = ViewController.m; sourceTree = "<group>"; };
		A8CABBC31CB3292F00EA1130 /* Base */ = {isa = PBXFileReference; lastKnownFileType = file.storyboard; name = Base; path = Base.lproj/Main.storyboard; sourceTree = "<group>"; };
		A8CABBC51CB3292F00EA1130 /* Assets.xcassets */ = {isa = PBXFileReference; lastKnownFileType = folder.assetcatalog; path = Assets.xcassets; sourceTree = "<group>"; };
		A8CABBC81CB3292F00EA1130 /* Base */ = {isa = PBXFileReference; lastKnownFileType = file.storyboard; name = Base; path = Base.lproj/LaunchScreen.storyboard; sourceTree = "<group>"; };
		A8CABBCA1CB3292F00EA1130 /* Info.plist */ = {isa = PBXFileReference; lastKnownFileType = text.plist.xml; path = Info.plist; sourceTree = "<group>"; };
		A8CABBCF1CB3292F00EA1130 /* CameraProxyTests.xctest */ = {isa = PBXFileReference; explicitFileType = wrapper.cfbundle; includeInIndex = 0; path = CameraProxyTests.xctest; sourceTree = BUILT_PRODUCTS_DIR; };
		A8CABBD31CB3292F00EA1130 /* CameraProxyTests.m */ = {isa = PBXFileReference; lastKnownFileType = sourcecode.c.objc; path = CameraProxyTests.m; sourceTree = "<group>"; };
		A8CABBD51CB3292F00EA1130 /* Info.plist */ = {isa = PBXFileReference; lastKnownFileType = text.plist.xml; path = Info.plist; sourceTree = "<group>"; };
		A8CABBDA1CB3292F00EA1130 /* CameraProxyUITests.xctest */ = {isa = PBXFileReference; explicitFileType = wrapper.cfbundle; includeInIndex = 0; path = CameraProxyUITests.xctest; sourceTree = BUILT_PRODUCTS_DIR; };
		A8CABBDE1CB3292F00EA1130 /* CameraProxyUITests.m */ = {isa = PBXFileReference; lastKnownFileType = sourcecode.c.objc; path = CameraProxyUITests.m; sourceTree = "<group>"; };
		A8CABBE01CB3292F00EA1130 /* Info.plist */ = {isa = PBXFileReference; lastKnownFileType = text.plist.xml; path = Info.plist; sourceTree = "<group>"; };
/* End PBXFileReference section */

/* Begin PBXFrameworksBuildPhase section */
		A8CABBB31CB3292E00EA1130 /* Frameworks */ = {
			isa = PBXFrameworksBuildPhase;
			buildActionMask = 2147483647;
			files = (
			);
			runOnlyForDeploymentPostprocessing = 0;
		};
		A8CABBCC1CB3292F00EA1130 /* Frameworks */ = {
			isa = PBXFrameworksBuildPhase;
			buildActionMask = 2147483647;
			files = (
			);
			runOnlyForDeploymentPostprocessing = 0;
		};
		A8CABBD71CB3292F00EA1130 /* Frameworks */ = {
			isa = PBXFrameworksBuildPhase;
			buildActionMask = 2147483647;
			files = (
			);
			runOnlyForDeploymentPostprocessing = 0;
		};
/* End PBXFrameworksBuildPhase section */

/* Begin PBXGroup section */
		A8CABBAD1CB3292E00EA1130 = {
			isa = PBXGroup;
			children = (
				A8CABBB81CB3292E00EA1130 /* CameraProxy */,
				A8CABBD21CB3292F00EA1130 /* CameraProxyTests */,
				A8CABBDD1CB3292F00EA1130 /* CameraProxyUITests */,
				A8CABBB71CB3292E00EA1130 /* Products */,
			);
			sourceTree = "<group>";
		};
		A8CABBB71CB3292E00EA1130 /* Products */ = {
			isa = PBXGroup;
			children = (
				A8CABBB61CB3292E00EA1130 /* CameraProxy.app */,
				A8CABBCF1CB3292F00EA1130 /* CameraProxyTests.xctest */,
				A8CABBDA1CB3292F00EA1130 /* CameraProxyUITests.xctest */,
			);
			name = Products;
			sourceTree = "<group>";
		};
		A8CABBB81CB3292E00EA1130 /* CameraProxy */ = {
			isa = PBXGroup;
			children = (
				A8CABBBC1CB3292F00EA1130 /* AppDelegate.h */,
				A8CABBBD1CB3292F00EA1130 /* AppDelegate.m */,
				A8CABBBF1CB3292F00EA1130 /* ViewController.h */,
				A8CABBC01CB3292F00EA1130 /* ViewController.m */,
				A8CABBC21CB3292F00EA1130 /* Main.storyboard */,
				A8CABBC51CB3292F00EA1130 /* Assets.xcassets */,
				A8CABBC71CB3292F00EA1130 /* LaunchScreen.storyboard */,
				A8CABBCA1CB3292F00EA1130 /* Info.plist */,
				A8CABBB91CB3292F00EA1130 /* Supporting Files */,
			);
			path = CameraProxy;
			sourceTree = "<group>";
		};
		A8CABBB91CB3292F00EA1130 /* Supporting Files */ = {
			isa = PBXGroup;
			children = (
				A8CABBBA1CB3292F00EA1130 /* main.m */,
			);
			name = "Supporting Files";
			sourceTree = "<group>";
		};
		A8CABBD21CB3292F00EA1130 /* CameraProxyTests */ = {
			isa = PBXGroup;
			children = (
				A8CABBD31CB3292F00EA1130 /* CameraProxyTests.m */,
				A8CABBD51CB3292F00EA1130 /* Info.plist */,
			);
			path = CameraProxyTests;
			sourceTree = "<group>";
		};
		A8CABBDD1CB3292F00EA1130 /* CameraProxyUITests */ = {
			isa = PBXGroup;
			children = (
				A8CABBDE1CB3292F00EA1130 /* CameraProxyUITests.m */,
				A8CABBE01CB3292F00EA1130 /* Info.plist */,
			);
			path = CameraProxyUITests;
			sourceTree = "<group>";
		};
/* End PBXGroup section */

/* Begin PBXNativeTarget section */
		A8CABBB51CB3292E00EA1130 /* CameraProxy */ = {
			isa = PBXNativeTarget;
			buildConfigurationList = A8CABBE31CB3292F00EA1130 /* Build configuration list for PBXNativeTarget "CameraProxy" */;
			buildPhases = (
				A8CABBB21CB3292E00EA1130 /* Sources */,
				A8CABBB31CB3292E00EA1130 /* Frameworks */,
				A8CABBB41CB3292E00EA1130 /* Resources */,
			);
			buildRules = (
			);
			dependencies = (
			);
			name = CameraProxy;
			productName = CameraProxy;
			productReference = A8CABBB61CB3292E00EA1130 /* CameraProxy.app */;
			productType = "com.apple.product-type.application";
		};
		A8CABBCE1CB3292F00EA1130 /* CameraProxyTests */ = {
			isa = PBXNativeTarget;
			buildConfigurationList = A8CABBE61CB3292F00EA1130 /* Build configuration list for PBXNativeTarget "CameraProxyTests" */;
			buildPhases = (
				A8CABBCB1CB3292F00EA1130 /* Sources */,
				A8CABBCC1CB3292F00EA1130 /* Frameworks */,
				A8CABBCD1CB3292F00EA1130 /* Resources */,
			);
			buildRules = (
			);
			dependencies = (
				A8CABBD11CB3292F00EA1130 /* PBXTargetDependency */,
			);
			name = CameraProxyTests;
			productName = CameraProxyTests;
			productReference = A8CABBCF1CB3292F00EA1130 /* CameraProxyTests.xctest */;
			productType = "com.apple.product-type.bundle.unit-test";
		};
		A8CABBD91CB3292F00EA1130 /* CameraProxyUITests */ = {
			isa = PBXNativeTarget;
			buildConfigurationList = A8CABBE91CB3292F00EA1130 /* Build configuration list for PBXNativeTarget "CameraProxyUITests" */;
			buildPhases = (
				A8CABBD61CB3292F00EA1130 /* Sources */,
				A8CABBD71CB3292F00EA1130 /* Frameworks */,
				A8CABBD81CB3292F00EA1130 /* Resources */,
			);
			buildRules = (
			);
			dependencies = (
				A8CABBDC1CB3292F00EA1130 /* PBXTargetDependency */,
			);
			name = CameraProxyUITests;
			productName = CameraProxyUITests;
			productReference = A8CABBDA1CB3292F00EA1130 /* CameraProxyUITests.xctest */;
			productType = "com.apple.product-type.bundle.ui-testing";
		};
/* End PBXNativeTarget section */

/* Begin PBXProject section */
		A8CABBAE1CB3292E00EA1130 /* Project object */ = {
			isa = PBXProject;
			attributes = {
				LastUpgradeCheck = 0730;
				ORGANIZATIONNAME = "António Lima";
				TargetAttributes = {
					A8CABBB51CB3292E00EA1130 = {
						CreatedOnToolsVersion = 7.3;
					};
					A8CABBCE1CB3292F00EA1130 = {
						CreatedOnToolsVersion = 7.3;
						TestTargetID = A8CABBB51CB3292E00EA1130;
					};
					A8CABBD91CB3292F00EA1130 = {
						CreatedOnToolsVersion = 7.3;
						TestTargetID = A8CABBB51CB3292E00EA1130;
					};
				};
			};
			buildConfigurationList = A8CABBB11CB3292E00EA1130 /* Build configuration list for PBXProject "CameraProxy" */;
			compatibilityVersion = "Xcode 3.2";
			developmentRegion = English;
			hasScannedForEncodings = 0;
			knownRegions = (
				en,
				Base,
			);
			mainGroup = A8CABBAD1CB3292E00EA1130;
			productRefGroup = A8CABBB71CB3292E00EA1130 /* Products */;
			projectDirPath = "";
			projectRoot = "";
			targets = (
				A8CABBB51CB3292E00EA1130 /* CameraProxy */,
				A8CABBCE1CB3292F00EA1130 /* CameraProxyTests */,
				A8CABBD91CB3292F00EA1130 /* CameraProxyUITests */,
			);
		};
/* End PBXProject section */

/* Begin PBXResourcesBuildPhase section */
		A8CABBB41CB3292E00EA1130 /* Resources */ = {
			isa = PBXResourcesBuildPhase;
			buildActionMask = 2147483647;
			files = (
				A8CABBC91CB3292F00EA1130 /* LaunchScreen.storyboard in Resources */,
				A8CABBC61CB3292F00EA1130 /* Assets.xcassets in Resources */,
				A8CABBC41CB3292F00EA1130 /* Main.storyboard in Resources */,
			);
			runOnlyForDeploymentPostprocessing = 0;
		};
		A8CABBCD1CB3292F00EA1130 /* Resources */ = {
			isa = PBXResourcesBuildPhase;
			buildActionMask = 2147483647;
			files = (
			);
			runOnlyForDeploymentPostprocessing = 0;
		};
		A8CABBD81CB3292F00EA1130 /* Resources */ = {
			isa = PBXResourcesBuildPhase;
			buildActionMask = 2147483647;
			files = (
			);
			runOnlyForDeploymentPostprocessing = 0;
		};
/* End PBXResourcesBuildPhase section */

/* Begin PBXSourcesBuildPhase section */
		A8CABBB21CB3292E00EA1130 /* Sources */ = {
			isa = PBXSourcesBuildPhase;
			buildActionMask = 2147483647;
			files = (
				A8CABBC11CB3292F00EA1130 /* ViewController.m in Sources */,
				A8CABBBE1CB3292F00EA1130 /* AppDelegate.m in Sources */,
				A8CABBBB1CB3292F00EA1130 /* main.m in Sources */,
			);
			runOnlyForDeploymentPostprocessing = 0;
		};
		A8CABBCB1CB3292F00EA1130 /* Sources */ = {
			isa = PBXSourcesBuildPhase;
			buildActionMask = 2147483647;
			files = (
				A8CABBD41CB3292F00EA1130 /* CameraProxyTests.m in Sources */,
			);
			runOnlyForDeploymentPostprocessing = 0;
		};
		A8CABBD61CB3292F00EA1130 /* Sources */ = {
			isa = PBXSourcesBuildPhase;
			buildActionMask = 2147483647;
			files = (
				A8CABBDF1CB3292F00EA1130 /* CameraProxyUITests.m in Sources */,
			);
			runOnlyForDeploymentPostprocessing = 0;
		};
/* End PBXSourcesBuildPhase section */

/* Begin PBXTargetDependency section */
		A8CABBD11CB3292F00EA1130 /* PBXTargetDependency */ = {
			isa = PBXTargetDependency;
			target = A8CABBB51CB3292E00EA1130 /* CameraProxy */;
			targetProxy = A8CABBD01CB3292F00EA1130 /* PBXContainerItemProxy */;
		};
		A8CABBDC1CB3292F00EA1130 /* PBXTargetDependency */ = {
			isa = PBXTargetDependency;
			target = A8CABBB51CB3292E00EA1130 /* CameraProxy */;
			targetProxy = A8CABBDB1CB3292F00EA1130 /* PBXContainerItemProxy */;
		};
/* End PBXTargetDependency section */

/* Begin PBXVariantGroup section */
		A8CABBC21CB3292F00EA1130 /* Main.storyboard */ = {
			isa = PBXVariantGroup;
			children = (
				A8CABBC31CB3292F00EA1130 /* Base */,
			);
			name = Main.storyboard;
			sourceTree = "<group>";
		};
		A8CABBC71CB3292F00EA1130 /* LaunchScreen.storyboard */ = {
			isa = PBXVariantGroup;
			children = (
				A8CABBC81CB3292F00EA1130 /* Base */,
			);
			name = LaunchScreen.storyboard;
			sourceTree = "<group>";
		};
/* End PBXVariantGroup section */

/* Begin XCBuildConfiguration section */
		A8CABBE11CB3292F00EA1130 /* Debug */ = {
			isa = XCBuildConfiguration;
			buildSettings = {
				ALWAYS_SEARCH_USER_PATHS = NO;
				CLANG_ANALYZER_NONNULL = YES;
				CLANG_CXX_LANGUAGE_STANDARD = "gnu++0x";
				CLANG_CXX_LIBRARY = "libc++";
				CLANG_ENABLE_MODULES = YES;
				CLANG_ENABLE_OBJC_ARC = YES;
				CLANG_WARN_BOOL_CONVERSION = YES;
				CLANG_WARN_CONSTANT_CONVERSION = YES;
				CLANG_WARN_DIRECT_OBJC_ISA_USAGE = YES_ERROR;
				CLANG_WARN_EMPTY_BODY = YES;
				CLANG_WARN_ENUM_CONVERSION = YES;
				CLANG_WARN_INT_CONVERSION = YES;
				CLANG_WARN_OBJC_ROOT_CLASS = YES_ERROR;
				CLANG_WARN_UNREACHABLE_CODE = YES;
				CLANG_WARN__DUPLICATE_METHOD_MATCH = YES;
				"CODE_SIGN_IDENTITY[sdk=iphoneos*]" = "iPhone Developer";
				COPY_PHASE_STRIP = NO;
				DEBUG_INFORMATION_FORMAT = dwarf;
				ENABLE_STRICT_OBJC_MSGSEND = YES;
				ENABLE_TESTABILITY = YES;
				GCC_C_LANGUAGE_STANDARD = gnu99;
				GCC_DYNAMIC_NO_PIC = NO;
				GCC_NO_COMMON_BLOCKS = YES;
				GCC_OPTIMIZATION_LEVEL = 0;
				GCC_PREPROCESSOR_DEFINITIONS = (
					"DEBUG=1",
					"$(inherited)",
				);
				GCC_WARN_64_TO_32_BIT_CONVERSION = YES;
				GCC_WARN_ABOUT_RETURN_TYPE = YES_ERROR;
				GCC_WARN_UNDECLARED_SELECTOR = YES;
				GCC_WARN_UNINITIALIZED_AUTOS = YES_AGGRESSIVE;
				GCC_WARN_UNUSED_FUNCTION = YES;
				GCC_WARN_UNUSED_VARIABLE = YES;
				IPHONEOS_DEPLOYMENT_TARGET = 9.3;
				MTL_ENABLE_DEBUG_INFO = YES;
				ONLY_ACTIVE_ARCH = YES;
				SDKROOT = iphoneos;
			};
			name = Debug;
		};
		A8CABBE21CB3292F00EA1130 /* Release */ = {
			isa = XCBuildConfiguration;
			buildSettings = {
				ALWAYS_SEARCH_USER_PATHS = NO;
				CLANG_ANALYZER_NONNULL = YES;
				CLANG_CXX_LANGUAGE_STANDARD = "gnu++0x";
				CLANG_CXX_LIBRARY = "libc++";
				CLANG_ENABLE_MODULES = YES;
				CLANG_ENABLE_OBJC_ARC = YES;
				CLANG_WARN_BOOL_CONVERSION = YES;
				CLANG_WARN_CONSTANT_CONVERSION = YES;
				CLANG_WARN_DIRECT_OBJC_ISA_USAGE = YES_ERROR;
				CLANG_WARN_EMPTY_BODY = YES;
				CLANG_WARN_ENUM_CONVERSION = YES;
				CLANG_WARN_INT_CONVERSION = YES;
				CLANG_WARN_OBJC_ROOT_CLASS = YES_ERROR;
				CLANG_WARN_UNREACHABLE_CODE = YES;
				CLANG_WARN__DUPLICATE_METHOD_MATCH = YES;
				"CODE_SIGN_IDENTITY[sdk=iphoneos*]" = "iPhone Developer";
				COPY_PHASE_STRIP = NO;
				DEBUG_INFORMATION_FORMAT = "dwarf-with-dsym";
				ENABLE_NS_ASSERTIONS = NO;
				ENABLE_STRICT_OBJC_MSGSEND = YES;
				GCC_C_LANGUAGE_STANDARD = gnu99;
				GCC_NO_COMMON_BLOCKS = YES;
				GCC_WARN_64_TO_32_BIT_CONVERSION = YES;
				GCC_WARN_ABOUT_RETURN_TYPE = YES_ERROR;
				GCC_WARN_UNDECLARED_SELECTOR = YES;
				GCC_WARN_UNINITIALIZED_AUTOS = YES_AGGRESSIVE;
				GCC_WARN_UNUSED_FUNCTION = YES;
				GCC_WARN_UNUSED_VARIABLE = YES;
				IPHONEOS_DEPLOYMENT_TARGET = 9.3;
				MTL_ENABLE_DEBUG_INFO = NO;
				SDKROOT = iphoneos;
				VALIDATE_PRODUCT = YES;
			};
			name = Release;
		};
		A8CABBE41CB3292F00EA1130 /* Debug */ = {
			isa = XCBuildConfiguration;
			buildSettings = {
				ASSETCATALOG_COMPILER_APPICON_NAME = AppIcon;
				INFOPLIST_FILE = CameraProxy/Info.plist;
				LD_RUNPATH_SEARCH_PATHS = "$(inherited) @executable_path/Frameworks";
				PRODUCT_BUNDLE_IDENTIFIER = bungs.inc.CameraProxy;
				PRODUCT_NAME = "$(TARGET_NAME)";
			};
			name = Debug;
		};
		A8CABBE51CB3292F00EA1130 /* Release */ = {
			isa = XCBuildConfiguration;
			buildSettings = {
				ASSETCATALOG_COMPILER_APPICON_NAME = AppIcon;
				INFOPLIST_FILE = CameraProxy/Info.plist;
				LD_RUNPATH_SEARCH_PATHS = "$(inherited) @executable_path/Frameworks";
				PRODUCT_BUNDLE_IDENTIFIER = bungs.inc.CameraProxy;
				PRODUCT_NAME = "$(TARGET_NAME)";
			};
			name = Release;
		};
		A8CABBE71CB3292F00EA1130 /* Debug */ = {
			isa = XCBuildConfiguration;
			buildSettings = {
				BUNDLE_LOADER = "$(TEST_HOST)";
				INFOPLIST_FILE = CameraProxyTests/Info.plist;
				LD_RUNPATH_SEARCH_PATHS = "$(inherited) @executable_path/Frameworks @loader_path/Frameworks";
				PRODUCT_BUNDLE_IDENTIFIER = bungs.inc.CameraProxyTests;
				PRODUCT_NAME = "$(TARGET_NAME)";
				TEST_HOST = "$(BUILT_PRODUCTS_DIR)/CameraProxy.app/CameraProxy";
			};
			name = Debug;
		};
		A8CABBE81CB3292F00EA1130 /* Release */ = {
			isa = XCBuildConfiguration;
			buildSettings = {
				BUNDLE_LOADER = "$(TEST_HOST)";
				INFOPLIST_FILE = CameraProxyTests/Info.plist;
				LD_RUNPATH_SEARCH_PATHS = "$(inherited) @executable_path/Frameworks @loader_path/Frameworks";
				PRODUCT_BUNDLE_IDENTIFIER = bungs.inc.CameraProxyTests;
				PRODUCT_NAME = "$(TARGET_NAME)";
				TEST_HOST = "$(BUILT_PRODUCTS_DIR)/CameraProxy.app/CameraProxy";
			};
			name = Release;
		};
		A8CABBEA1CB3292F00EA1130 /* Debug */ = {
			isa = XCBuildConfiguration;
			buildSettings = {
				INFOPLIST_FILE = CameraProxyUITests/Info.plist;
				LD_RUNPATH_SEARCH_PATHS = "$(inherited) @executable_path/Frameworks @loader_path/Frameworks";
				PRODUCT_BUNDLE_IDENTIFIER = bungs.inc.CameraProxyUITests;
				PRODUCT_NAME = "$(TARGET_NAME)";
				TEST_TARGET_NAME = CameraProxy;
			};
			name = Debug;
		};
		A8CABBEB1CB3292F00EA1130 /* Release */ = {
			isa = XCBuildConfiguration;
			buildSettings = {
				INFOPLIST_FILE = CameraProxyUITests/Info.plist;
				LD_RUNPATH_SEARCH_PATHS = "$(inherited) @executable_path/Frameworks @loader_path/Frameworks";
				PRODUCT_BUNDLE_IDENTIFIER = bungs.inc.CameraProxyUITests;
				PRODUCT_NAME = "$(TARGET_NAME)";
				TEST_TARGET_NAME = CameraProxy;
			};
			name = Release;
		};
/* End XCBuildConfiguration section */

/* Begin XCConfigurationList section */
		A8CABBB11CB3292E00EA1130 /* Build configuration list for PBXProject "CameraProxy" */ = {
			isa = XCConfigurationList;
			buildConfigurations = (
				A8CABBE11CB3292F00EA1130 /* Debug */,
				A8CABBE21CB3292F00EA1130 /* Release */,
			);
			defaultConfigurationIsVisible = 0;
			defaultConfigurationName = Release;
		};
		A8CABBE31CB3292F00EA1130 /* Build configuration list for PBXNativeTarget "CameraProxy" */ = {
			isa = XCConfigurationList;
			buildConfigurations = (
				A8CABBE41CB3292F00EA1130 /* Debug */,
				A8CABBE51CB3292F00EA1130 /* Release */,
			);
			defaultConfigurationIsVisible = 0;
		};
		A8CABBE61CB3292F00EA1130 /* Build configuration list for PBXNativeTarget "CameraProxyTests" */ = {
			isa = XCConfigurationList;
			buildConfigurations = (
				A8CABBE71CB3292F00EA1130 /* Debug */,
				A8CABBE81CB3292F00EA1130 /* Release */,
			);
			defaultConfigurationIsVisible = 0;
		};
		A8CABBE91CB3292F00EA1130 /* Build configuration list for PBXNativeTarget "CameraProxyUITests" */ = {
			isa = XCConfigurationList;
			buildConfigurations = (
				A8CABBEA1CB3292F00EA1130 /* Debug */,
				A8CABBEB1CB3292F00EA1130 /* Release */,
			);
			defaultConfigurationIsVisible = 0;
		};
/* End XCConfigurationList section */
	};
	rootObject = A8CABBAE1CB3292E00EA1130 /* Project object */;
}
