// !$*UTF8*$!
{
	archiveVersion = 1;
	classes = {
	};
	objectVersion = 46;
	objects = {

/* Begin PBXBuildFile section */
		A8621A781CB329B50032EBF7 /* main.m in Sources */ = {isa = PBXBuildFile; fileRef = A8621A771CB329B50032EBF7 /* main.m */; };
		A8621A7B1CB329B50032EBF7 /* AppDelegate.m in Sources */ = {isa = PBXBuildFile; fileRef = A8621A7A1CB329B50032EBF7 /* AppDelegate.m */; };
		A8621A7E1CB329B50032EBF7 /* ViewController.m in Sources */ = {isa = PBXBuildFile; fileRef = A8621A7D1CB329B50032EBF7 /* ViewController.m */; };
		A8621A811CB329B50032EBF7 /* Main.storyboard in Resources */ = {isa = PBXBuildFile; fileRef = A8621A7F1CB329B50032EBF7 /* Main.storyboard */; };
		A8621A831CB329B50032EBF7 /* Assets.xcassets in Resources */ = {isa = PBXBuildFile; fileRef = A8621A821CB329B50032EBF7 /* Assets.xcassets */; };
		A8621A861CB329B50032EBF7 /* LaunchScreen.storyboard in Resources */ = {isa = PBXBuildFile; fileRef = A8621A841CB329B50032EBF7 /* LaunchScreen.storyboard */; };
		A8621A911CB329B50032EBF7 /* SpamBotTests.m in Sources */ = {isa = PBXBuildFile; fileRef = A8621A901CB329B50032EBF7 /* SpamBotTests.m */; };
		A8621A9C1CB329B50032EBF7 /* SpamBotUITests.m in Sources */ = {isa = PBXBuildFile; fileRef = A8621A9B1CB329B50032EBF7 /* SpamBotUITests.m */; };
/* End PBXBuildFile section */

/* Begin PBXContainerItemProxy section */
		A8621A8D1CB329B50032EBF7 /* PBXContainerItemProxy */ = {
			isa = PBXContainerItemProxy;
			containerPortal = A8621A6B1CB329B50032EBF7 /* Project object */;
			proxyType = 1;
			remoteGlobalIDString = A8621A721CB329B50032EBF7;
			remoteInfo = SpamBot;
		};
		A8621A981CB329B50032EBF7 /* PBXContainerItemProxy */ = {
			isa = PBXContainerItemProxy;
			containerPortal = A8621A6B1CB329B50032EBF7 /* Project object */;
			proxyType = 1;
			remoteGlobalIDString = A8621A721CB329B50032EBF7;
			remoteInfo = SpamBot;
		};
/* End PBXContainerItemProxy section */

/* Begin PBXFileReference section */
		A8621A731CB329B50032EBF7 /* SpamBot.app */ = {isa = PBXFileReference; explicitFileType = wrapper.application; includeInIndex = 0; path = SpamBot.app; sourceTree = BUILT_PRODUCTS_DIR; };
		A8621A771CB329B50032EBF7 /* main.m */ = {isa = PBXFileReference; lastKnownFileType = sourcecode.c.objc; path = main.m; sourceTree = "<group>"; };
		A8621A791CB329B50032EBF7 /* AppDelegate.h */ = {isa = PBXFileReference; lastKnownFileType = sourcecode.c.h; path = AppDelegate.h; sourceTree = "<group>"; };
		A8621A7A1CB329B50032EBF7 /* AppDelegate.m */ = {isa = PBXFileReference; lastKnownFileType = sourcecode.c.objc; path = AppDelegate.m; sourceTree = "<group>"; };
		A8621A7C1CB329B50032EBF7 /* ViewController.h */ = {isa = PBXFileReference; lastKnownFileType = sourcecode.c.h; path = ViewController.h; sourceTree = "<group>"; };
		A8621A7D1CB329B50032EBF7 /* ViewController.m */ = {isa = PBXFileReference; lastKnownFileType = sourcecode.c.objc; path = ViewController.m; sourceTree = "<group>"; };
		A8621A801CB329B50032EBF7 /* Base */ = {isa = PBXFileReference; lastKnownFileType = file.storyboard; name = Base; path = Base.lproj/Main.storyboard; sourceTree = "<group>"; };
		A8621A821CB329B50032EBF7 /* Assets.xcassets */ = {isa = PBXFileReference; lastKnownFileType = folder.assetcatalog; path = Assets.xcassets; sourceTree = "<group>"; };
		A8621A851CB329B50032EBF7 /* Base */ = {isa = PBXFileReference; lastKnownFileType = file.storyboard; name = Base; path = Base.lproj/LaunchScreen.storyboard; sourceTree = "<group>"; };
		A8621A871CB329B50032EBF7 /* Info.plist */ = {isa = PBXFileReference; lastKnownFileType = text.plist.xml; path = Info.plist; sourceTree = "<group>"; };
		A8621A8C1CB329B50032EBF7 /* SpamBotTests.xctest */ = {isa = PBXFileReference; explicitFileType = wrapper.cfbundle; includeInIndex = 0; path = SpamBotTests.xctest; sourceTree = BUILT_PRODUCTS_DIR; };
		A8621A901CB329B50032EBF7 /* SpamBotTests.m */ = {isa = PBXFileReference; lastKnownFileType = sourcecode.c.objc; path = SpamBotTests.m; sourceTree = "<group>"; };
		A8621A921CB329B50032EBF7 /* Info.plist */ = {isa = PBXFileReference; lastKnownFileType = text.plist.xml; path = Info.plist; sourceTree = "<group>"; };
		A8621A971CB329B50032EBF7 /* SpamBotUITests.xctest */ = {isa = PBXFileReference; explicitFileType = wrapper.cfbundle; includeInIndex = 0; path = SpamBotUITests.xctest; sourceTree = BUILT_PRODUCTS_DIR; };
		A8621A9B1CB329B50032EBF7 /* SpamBotUITests.m */ = {isa = PBXFileReference; lastKnownFileType = sourcecode.c.objc; path = SpamBotUITests.m; sourceTree = "<group>"; };
		A8621A9D1CB329B50032EBF7 /* Info.plist */ = {isa = PBXFileReference; lastKnownFileType = text.plist.xml; path = Info.plist; sourceTree = "<group>"; };
/* End PBXFileReference section */

/* Begin PBXFrameworksBuildPhase section */
		A8621A701CB329B50032EBF7 /* Frameworks */ = {
			isa = PBXFrameworksBuildPhase;
			buildActionMask = 2147483647;
			files = (
			);
			runOnlyForDeploymentPostprocessing = 0;
		};
		A8621A891CB329B50032EBF7 /* Frameworks */ = {
			isa = PBXFrameworksBuildPhase;
			buildActionMask = 2147483647;
			files = (
			);
			runOnlyForDeploymentPostprocessing = 0;
		};
		A8621A941CB329B50032EBF7 /* Frameworks */ = {
			isa = PBXFrameworksBuildPhase;
			buildActionMask = 2147483647;
			files = (
			);
			runOnlyForDeploymentPostprocessing = 0;
		};
/* End PBXFrameworksBuildPhase section */

/* Begin PBXGroup section */
		A8621A6A1CB329B50032EBF7 = {
			isa = PBXGroup;
			children = (
				A8621A751CB329B50032EBF7 /* SpamBot */,
				A8621A8F1CB329B50032EBF7 /* SpamBotTests */,
				A8621A9A1CB329B50032EBF7 /* SpamBotUITests */,
				A8621A741CB329B50032EBF7 /* Products */,
			);
			sourceTree = "<group>";
		};
		A8621A741CB329B50032EBF7 /* Products */ = {
			isa = PBXGroup;
			children = (
				A8621A731CB329B50032EBF7 /* SpamBot.app */,
				A8621A8C1CB329B50032EBF7 /* SpamBotTests.xctest */,
				A8621A971CB329B50032EBF7 /* SpamBotUITests.xctest */,
			);
			name = Products;
			sourceTree = "<group>";
		};
		A8621A751CB329B50032EBF7 /* SpamBot */ = {
			isa = PBXGroup;
			children = (
				A8621A791CB329B50032EBF7 /* AppDelegate.h */,
				A8621A7A1CB329B50032EBF7 /* AppDelegate.m */,
				A8621A7C1CB329B50032EBF7 /* ViewController.h */,
				A8621A7D1CB329B50032EBF7 /* ViewController.m */,
				A8621A7F1CB329B50032EBF7 /* Main.storyboard */,
				A8621A821CB329B50032EBF7 /* Assets.xcassets */,
				A8621A841CB329B50032EBF7 /* LaunchScreen.storyboard */,
				A8621A871CB329B50032EBF7 /* Info.plist */,
				A8621A761CB329B50032EBF7 /* Supporting Files */,
			);
			path = SpamBot;
			sourceTree = "<group>";
		};
		A8621A761CB329B50032EBF7 /* Supporting Files */ = {
			isa = PBXGroup;
			children = (
				A8621A771CB329B50032EBF7 /* main.m */,
			);
			name = "Supporting Files";
			sourceTree = "<group>";
		};
		A8621A8F1CB329B50032EBF7 /* SpamBotTests */ = {
			isa = PBXGroup;
			children = (
				A8621A901CB329B50032EBF7 /* SpamBotTests.m */,
				A8621A921CB329B50032EBF7 /* Info.plist */,
			);
			path = SpamBotTests;
			sourceTree = "<group>";
		};
		A8621A9A1CB329B50032EBF7 /* SpamBotUITests */ = {
			isa = PBXGroup;
			children = (
				A8621A9B1CB329B50032EBF7 /* SpamBotUITests.m */,
				A8621A9D1CB329B50032EBF7 /* Info.plist */,
			);
			path = SpamBotUITests;
			sourceTree = "<group>";
		};
/* End PBXGroup section */

/* Begin PBXNativeTarget section */
		A8621A721CB329B50032EBF7 /* SpamBot */ = {
			isa = PBXNativeTarget;
			buildConfigurationList = A8621AA01CB329B50032EBF7 /* Build configuration list for PBXNativeTarget "SpamBot" */;
			buildPhases = (
				A8621A6F1CB329B50032EBF7 /* Sources */,
				A8621A701CB329B50032EBF7 /* Frameworks */,
				A8621A711CB329B50032EBF7 /* Resources */,
			);
			buildRules = (
			);
			dependencies = (
			);
			name = SpamBot;
			productName = SpamBot;
			productReference = A8621A731CB329B50032EBF7 /* SpamBot.app */;
			productType = "com.apple.product-type.application";
		};
		A8621A8B1CB329B50032EBF7 /* SpamBotTests */ = {
			isa = PBXNativeTarget;
			buildConfigurationList = A8621AA31CB329B50032EBF7 /* Build configuration list for PBXNativeTarget "SpamBotTests" */;
			buildPhases = (
				A8621A881CB329B50032EBF7 /* Sources */,
				A8621A891CB329B50032EBF7 /* Frameworks */,
				A8621A8A1CB329B50032EBF7 /* Resources */,
			);
			buildRules = (
			);
			dependencies = (
				A8621A8E1CB329B50032EBF7 /* PBXTargetDependency */,
			);
			name = SpamBotTests;
			productName = SpamBotTests;
			productReference = A8621A8C1CB329B50032EBF7 /* SpamBotTests.xctest */;
			productType = "com.apple.product-type.bundle.unit-test";
		};
		A8621A961CB329B50032EBF7 /* SpamBotUITests */ = {
			isa = PBXNativeTarget;
			buildConfigurationList = A8621AA61CB329B50032EBF7 /* Build configuration list for PBXNativeTarget "SpamBotUITests" */;
			buildPhases = (
				A8621A931CB329B50032EBF7 /* Sources */,
				A8621A941CB329B50032EBF7 /* Frameworks */,
				A8621A951CB329B50032EBF7 /* Resources */,
			);
			buildRules = (
			);
			dependencies = (
				A8621A991CB329B50032EBF7 /* PBXTargetDependency */,
			);
			name = SpamBotUITests;
			productName = SpamBotUITests;
			productReference = A8621A971CB329B50032EBF7 /* SpamBotUITests.xctest */;
			productType = "com.apple.product-type.bundle.ui-testing";
		};
/* End PBXNativeTarget section */

/* Begin PBXProject section */
		A8621A6B1CB329B50032EBF7 /* Project object */ = {
			isa = PBXProject;
			attributes = {
				LastUpgradeCheck = 0730;
				ORGANIZATIONNAME = "António Lima";
				TargetAttributes = {
					A8621A721CB329B50032EBF7 = {
						CreatedOnToolsVersion = 7.3;
					};
					A8621A8B1CB329B50032EBF7 = {
						CreatedOnToolsVersion = 7.3;
						TestTargetID = A8621A721CB329B50032EBF7;
					};
					A8621A961CB329B50032EBF7 = {
						CreatedOnToolsVersion = 7.3;
						TestTargetID = A8621A721CB329B50032EBF7;
					};
				};
			};
			buildConfigurationList = A8621A6E1CB329B50032EBF7 /* Build configuration list for PBXProject "SpamBot" */;
			compatibilityVersion = "Xcode 3.2";
			developmentRegion = English;
			hasScannedForEncodings = 0;
			knownRegions = (
				en,
				Base,
			);
			mainGroup = A8621A6A1CB329B50032EBF7;
			productRefGroup = A8621A741CB329B50032EBF7 /* Products */;
			projectDirPath = "";
			projectRoot = "";
			targets = (
				A8621A721CB329B50032EBF7 /* SpamBot */,
				A8621A8B1CB329B50032EBF7 /* SpamBotTests */,
				A8621A961CB329B50032EBF7 /* SpamBotUITests */,
			);
		};
/* End PBXProject section */

/* Begin PBXResourcesBuildPhase section */
		A8621A711CB329B50032EBF7 /* Resources */ = {
			isa = PBXResourcesBuildPhase;
			buildActionMask = 2147483647;
			files = (
				A8621A861CB329B50032EBF7 /* LaunchScreen.storyboard in Resources */,
				A8621A831CB329B50032EBF7 /* Assets.xcassets in Resources */,
				A8621A811CB329B50032EBF7 /* Main.storyboard in Resources */,
			);
			runOnlyForDeploymentPostprocessing = 0;
		};
		A8621A8A1CB329B50032EBF7 /* Resources */ = {
			isa = PBXResourcesBuildPhase;
			buildActionMask = 2147483647;
			files = (
			);
			runOnlyForDeploymentPostprocessing = 0;
		};
		A8621A951CB329B50032EBF7 /* Resources */ = {
			isa = PBXResourcesBuildPhase;
			buildActionMask = 2147483647;
			files = (
			);
			runOnlyForDeploymentPostprocessing = 0;
		};
/* End PBXResourcesBuildPhase section */

/* Begin PBXSourcesBuildPhase section */
		A8621A6F1CB329B50032EBF7 /* Sources */ = {
			isa = PBXSourcesBuildPhase;
			buildActionMask = 2147483647;
			files = (
				A8621A7E1CB329B50032EBF7 /* ViewController.m in Sources */,
				A8621A7B1CB329B50032EBF7 /* AppDelegate.m in Sources */,
				A8621A781CB329B50032EBF7 /* main.m in Sources */,
			);
			runOnlyForDeploymentPostprocessing = 0;
		};
		A8621A881CB329B50032EBF7 /* Sources */ = {
			isa = PBXSourcesBuildPhase;
			buildActionMask = 2147483647;
			files = (
				A8621A911CB329B50032EBF7 /* SpamBotTests.m in Sources */,
			);
			runOnlyForDeploymentPostprocessing = 0;
		};
		A8621A931CB329B50032EBF7 /* Sources */ = {
			isa = PBXSourcesBuildPhase;
			buildActionMask = 2147483647;
			files = (
				A8621A9C1CB329B50032EBF7 /* SpamBotUITests.m in Sources */,
			);
			runOnlyForDeploymentPostprocessing = 0;
		};
/* End PBXSourcesBuildPhase section */

/* Begin PBXTargetDependency section */
		A8621A8E1CB329B50032EBF7 /* PBXTargetDependency */ = {
			isa = PBXTargetDependency;
			target = A8621A721CB329B50032EBF7 /* SpamBot */;
			targetProxy = A8621A8D1CB329B50032EBF7 /* PBXContainerItemProxy */;
		};
		A8621A991CB329B50032EBF7 /* PBXTargetDependency */ = {
			isa = PBXTargetDependency;
			target = A8621A721CB329B50032EBF7 /* SpamBot */;
			targetProxy = A8621A981CB329B50032EBF7 /* PBXContainerItemProxy */;
		};
/* End PBXTargetDependency section */

/* Begin PBXVariantGroup section */
		A8621A7F1CB329B50032EBF7 /* Main.storyboard */ = {
			isa = PBXVariantGroup;
			children = (
				A8621A801CB329B50032EBF7 /* Base */,
			);
			name = Main.storyboard;
			sourceTree = "<group>";
		};
		A8621A841CB329B50032EBF7 /* LaunchScreen.storyboard */ = {
			isa = PBXVariantGroup;
			children = (
				A8621A851CB329B50032EBF7 /* Base */,
			);
			name = LaunchScreen.storyboard;
			sourceTree = "<group>";
		};
/* End PBXVariantGroup section */

/* Begin XCBuildConfiguration section */
		A8621A9E1CB329B50032EBF7 /* Debug */ = {
			isa = XCBuildConfiguration;
			buildSettings = {
				ALWAYS_SEARCH_USER_PATHS = NO;
				CLANG_ANALYZER_NONNULL = YES;
				CLANG_CXX_LANGUAGE_STANDARD = "gnu++0x";
				CLANG_CXX_LIBRARY = "libc++";
				CLANG_ENABLE_MODULES = YES;
				CLANG_ENABLE_OBJC_ARC = YES;
				CLANG_WARN_BOOL_CONVERSION = YES;
				CLANG_WARN_CONSTANT_CONVERSION = YES;
				CLANG_WARN_DIRECT_OBJC_ISA_USAGE = YES_ERROR;
				CLANG_WARN_EMPTY_BODY = YES;
				CLANG_WARN_ENUM_CONVERSION = YES;
				CLANG_WARN_INT_CONVERSION = YES;
				CLANG_WARN_OBJC_ROOT_CLASS = YES_ERROR;
				CLANG_WARN_UNREACHABLE_CODE = YES;
				CLANG_WARN__DUPLICATE_METHOD_MATCH = YES;
				"CODE_SIGN_IDENTITY[sdk=iphoneos*]" = "iPhone Developer";
				COPY_PHASE_STRIP = NO;
				DEBUG_INFORMATION_FORMAT = dwarf;
				ENABLE_STRICT_OBJC_MSGSEND = YES;
				ENABLE_TESTABILITY = YES;
				GCC_C_LANGUAGE_STANDARD = gnu99;
				GCC_DYNAMIC_NO_PIC = NO;
				GCC_NO_COMMON_BLOCKS = YES;
				GCC_OPTIMIZATION_LEVEL = 0;
				GCC_PREPROCESSOR_DEFINITIONS = (
					"DEBUG=1",
					"$(inherited)",
				);
				GCC_WARN_64_TO_32_BIT_CONVERSION = YES;
				GCC_WARN_ABOUT_RETURN_TYPE = YES_ERROR;
				GCC_WARN_UNDECLARED_SELECTOR = YES;
				GCC_WARN_UNINITIALIZED_AUTOS = YES_AGGRESSIVE;
				GCC_WARN_UNUSED_FUNCTION = YES;
				GCC_WARN_UNUSED_VARIABLE = YES;
				IPHONEOS_DEPLOYMENT_TARGET = 9.3;
				MTL_ENABLE_DEBUG_INFO = YES;
				ONLY_ACTIVE_ARCH = YES;
				SDKROOT = iphoneos;
			};
			name = Debug;
		};
		A8621A9F1CB329B50032EBF7 /* Release */ = {
			isa = XCBuildConfiguration;
			buildSettings = {
				ALWAYS_SEARCH_USER_PATHS = NO;
				CLANG_ANALYZER_NONNULL = YES;
				CLANG_CXX_LANGUAGE_STANDARD = "gnu++0x";
				CLANG_CXX_LIBRARY = "libc++";
				CLANG_ENABLE_MODULES = YES;
				CLANG_ENABLE_OBJC_ARC = YES;
				CLANG_WARN_BOOL_CONVERSION = YES;
				CLANG_WARN_CONSTANT_CONVERSION = YES;
				CLANG_WARN_DIRECT_OBJC_ISA_USAGE = YES_ERROR;
				CLANG_WARN_EMPTY_BODY = YES;
				CLANG_WARN_ENUM_CONVERSION = YES;
				CLANG_WARN_INT_CONVERSION = YES;
				CLANG_WARN_OBJC_ROOT_CLASS = YES_ERROR;
				CLANG_WARN_UNREACHABLE_CODE = YES;
				CLANG_WARN__DUPLICATE_METHOD_MATCH = YES;
				"CODE_SIGN_IDENTITY[sdk=iphoneos*]" = "iPhone Developer";
				COPY_PHASE_STRIP = NO;
				DEBUG_INFORMATION_FORMAT = "dwarf-with-dsym";
				ENABLE_NS_ASSERTIONS = NO;
				ENABLE_STRICT_OBJC_MSGSEND = YES;
				GCC_C_LANGUAGE_STANDARD = gnu99;
				GCC_NO_COMMON_BLOCKS = YES;
				GCC_WARN_64_TO_32_BIT_CONVERSION = YES;
				GCC_WARN_ABOUT_RETURN_TYPE = YES_ERROR;
				GCC_WARN_UNDECLARED_SELECTOR = YES;
				GCC_WARN_UNINITIALIZED_AUTOS = YES_AGGRESSIVE;
				GCC_WARN_UNUSED_FUNCTION = YES;
				GCC_WARN_UNUSED_VARIABLE = YES;
				IPHONEOS_DEPLOYMENT_TARGET = 9.3;
				MTL_ENABLE_DEBUG_INFO = NO;
				SDKROOT = iphoneos;
				VALIDATE_PRODUCT = YES;
			};
			name = Release;
		};
		A8621AA11CB329B50032EBF7 /* Debug */ = {
			isa = XCBuildConfiguration;
			buildSettings = {
				ASSETCATALOG_COMPILER_APPICON_NAME = AppIcon;
				INFOPLIST_FILE = SpamBot/Info.plist;
				LD_RUNPATH_SEARCH_PATHS = "$(inherited) @executable_path/Frameworks";
				PRODUCT_BUNDLE_IDENTIFIER = bungs.inc.SpamBot;
				PRODUCT_NAME = "$(TARGET_NAME)";
			};
			name = Debug;
		};
		A8621AA21CB329B50032EBF7 /* Release */ = {
			isa = XCBuildConfiguration;
			buildSettings = {
				ASSETCATALOG_COMPILER_APPICON_NAME = AppIcon;
				INFOPLIST_FILE = SpamBot/Info.plist;
				LD_RUNPATH_SEARCH_PATHS = "$(inherited) @executable_path/Frameworks";
				PRODUCT_BUNDLE_IDENTIFIER = bungs.inc.SpamBot;
				PRODUCT_NAME = "$(TARGET_NAME)";
			};
			name = Release;
		};
		A8621AA41CB329B50032EBF7 /* Debug */ = {
			isa = XCBuildConfiguration;
			buildSettings = {
				BUNDLE_LOADER = "$(TEST_HOST)";
				INFOPLIST_FILE = SpamBotTests/Info.plist;
				LD_RUNPATH_SEARCH_PATHS = "$(inherited) @executable_path/Frameworks @loader_path/Frameworks";
				PRODUCT_BUNDLE_IDENTIFIER = bungs.inc.SpamBotTests;
				PRODUCT_NAME = "$(TARGET_NAME)";
				TEST_HOST = "$(BUILT_PRODUCTS_DIR)/SpamBot.app/SpamBot";
			};
			name = Debug;
		};
		A8621AA51CB329B50032EBF7 /* Release */ = {
			isa = XCBuildConfiguration;
			buildSettings = {
				BUNDLE_LOADER = "$(TEST_HOST)";
				INFOPLIST_FILE = SpamBotTests/Info.plist;
				LD_RUNPATH_SEARCH_PATHS = "$(inherited) @executable_path/Frameworks @loader_path/Frameworks";
				PRODUCT_BUNDLE_IDENTIFIER = bungs.inc.SpamBotTests;
				PRODUCT_NAME = "$(TARGET_NAME)";
				TEST_HOST = "$(BUILT_PRODUCTS_DIR)/SpamBot.app/SpamBot";
			};
			name = Release;
		};
		A8621AA71CB329B50032EBF7 /* Debug */ = {
			isa = XCBuildConfiguration;
			buildSettings = {
				INFOPLIST_FILE = SpamBotUITests/Info.plist;
				LD_RUNPATH_SEARCH_PATHS = "$(inherited) @executable_path/Frameworks @loader_path/Frameworks";
				PRODUCT_BUNDLE_IDENTIFIER = bungs.inc.SpamBotUITests;
				PRODUCT_NAME = "$(TARGET_NAME)";
				TEST_TARGET_NAME = SpamBot;
			};
			name = Debug;
		};
		A8621AA81CB329B50032EBF7 /* Release */ = {
			isa = XCBuildConfiguration;
			buildSettings = {
				INFOPLIST_FILE = SpamBotUITests/Info.plist;
				LD_RUNPATH_SEARCH_PATHS = "$(inherited) @executable_path/Frameworks @loader_path/Frameworks";
				PRODUCT_BUNDLE_IDENTIFIER = bungs.inc.SpamBotUITests;
				PRODUCT_NAME = "$(TARGET_NAME)";
				TEST_TARGET_NAME = SpamBot;
			};
			name = Release;
		};
/* End XCBuildConfiguration section */

/* Begin XCConfigurationList section */
		A8621A6E1CB329B50032EBF7 /* Build configuration list for PBXProject "SpamBot" */ = {
			isa = XCConfigurationList;
			buildConfigurations = (
				A8621A9E1CB329B50032EBF7 /* Debug */,
				A8621A9F1CB329B50032EBF7 /* Release */,
			);
			defaultConfigurationIsVisible = 0;
			defaultConfigurationName = Release;
		};
		A8621AA01CB329B50032EBF7 /* Build configuration list for PBXNativeTarget "SpamBot" */ = {
			isa = XCConfigurationList;
			buildConfigurations = (
				A8621AA11CB329B50032EBF7 /* Debug */,
				A8621AA21CB329B50032EBF7 /* Release */,
			);
			defaultConfigurationIsVisible = 0;
		};
		A8621AA31CB329B50032EBF7 /* Build configuration list for PBXNativeTarget "SpamBotTests" */ = {
			isa = XCConfigurationList;
			buildConfigurations = (
				A8621AA41CB329B50032EBF7 /* Debug */,
				A8621AA51CB329B50032EBF7 /* Release */,
			);
			defaultConfigurationIsVisible = 0;
		};
		A8621AA61CB329B50032EBF7 /* Build configuration list for PBXNativeTarget "SpamBotUITests" */ = {
			isa = XCConfigurationList;
			buildConfigurations = (
				A8621AA71CB329B50032EBF7 /* Debug */,
				A8621AA81CB329B50032EBF7 /* Release */,
			);
			defaultConfigurationIsVisible = 0;
		};
/* End XCConfigurationList section */
	};
	rootObject = A8621A6B1CB329B50032EBF7 /* Project object */;
}
